
Microsoft Visual Studio Solution File, Format Version 12.00
# Visual Studio Version 16
VisualStudioVersion = 16.0.30621.155
MinimumVisualStudioVersion = 10.0.40219.1
Project("{FAE04EC0-301F-11D3-BF4B-00C04F79EFBC}") = "MyFitness.App", "MyFitness.App\MyFitness.App.csproj", "{ED127E55-638D-4961-A490-98E974E4715A}"
EndProject
Global
	GlobalSection(SolutionConfigurationPlatforms) = preSolution
		Debug|Any CPU = Debug|Any CPU
		Release|Any CPU = Release|Any CPU
	EndGlobalSection
	GlobalSection(ProjectConfigurationPlatforms) = postSolution
		{ED127E55-638D-4961-A490-98E974E4715A}.Debug|Any CPU.ActiveCfg = Debug|Any CPU
		{ED127E55-638D-4961-A490-98E974E4715A}.Debug|Any CPU.Build.0 = Debug|Any CPU
		{ED127E55-638D-4961-A490-98E974E4715A}.Release|Any CPU.ActiveCfg = Release|Any CPU
		{ED127E55-638D-4961-A490-98E974E4715A}.Release|Any CPU.Build.0 = Release|Any CPU
	EndGlobalSection
	GlobalSection(SolutionProperties) = preSolution
		HideSolutionNode = FALSE
	EndGlobalSection
	GlobalSection(ExtensibilityGlobals) = postSolution
		SolutionGuid = {DE305B82-6094-4301-B88A-CD993B562DB0}
	EndGlobalSection
EndGlobal
